
Microsoft Visual Studio Solution File, Format Version 12.00
# Visual Studio 15
Project("{FAE04EC0-301F-11D3-BF4B-00C04F79EFBC}") = "Assembly-CSharp", "Assembly-CSharp.csproj", "{1A7D4F07-C7D2-7DFB-4E27-72285FBD515C}"
EndProject
Project("{FAE04EC0-301F-11D3-BF4B-00C04F79EFBC}") = "Assembly-CSharp-Editor-firstpass", "Assembly-CSharp-Editor-firstpass.csproj", "{CE6C4285-9395-D05B-A89A-72468758DD05}"
EndProject
Global
	GlobalSection(SolutionConfigurationPlatforms) = preSolution
		Debug|Any CPU = Debug|Any CPU
		Release|Any CPU = Release|Any CPU
	EndGlobalSection
	GlobalSection(ProjectConfigurationPlatforms) = postSolution
		{1A7D4F07-C7D2-7DFB-4E27-72285FBD515C}.Debug|Any CPU.ActiveCfg = Debug|Any CPU
		{1A7D4F07-C7D2-7DFB-4E27-72285FBD515C}.Debug|Any CPU.Build.0 = Debug|Any CPU
		{1A7D4F07-C7D2-7DFB-4E27-72285FBD515C}.Release|Any CPU.ActiveCfg = Release|Any CPU
		{1A7D4F07-C7D2-7DFB-4E27-72285FBD515C}.Release|Any CPU.Build.0 = Release|Any CPU
		{CE6C4285-9395-D05B-A89A-72468758DD05}.Debug|Any CPU.ActiveCfg = Debug|Any CPU
		{CE6C4285-9395-D05B-A89A-72468758DD05}.Debug|Any CPU.Build.0 = Debug|Any CPU
		{CE6C4285-9395-D05B-A89A-72468758DD05}.Release|Any CPU.ActiveCfg = Release|Any CPU
		{CE6C4285-9395-D05B-A89A-72468758DD05}.Release|Any CPU.Build.0 = Release|Any CPU
	EndGlobalSection
	GlobalSection(SolutionProperties) = preSolution
		HideSolutionNode = FALSE
	EndGlobalSection
EndGlobal
